PODS:
  - FMDB (2.7.5):
    - FMDB/standard (= 2.7.5)
  - FMDB/standard (2.7.5)
  - ZZMakeFMDBManager (0.0.1):
    - FMDB

DEPENDENCIES:
  - ZZMakeFMDBManager (from `../`)

SPEC REPOS:
  trunk:
    - FMDB

EXTERNAL SOURCES:
  ZZMakeFMDBManager:
    :path: "../"

SPEC CHECKSUMS:
  FMDB: 2ce00b547f966261cd18927a3ddb07cb6f3db82a
  ZZMakeFMDBManager: 948143750bb21e1573858df519055f1b83c7659a

PODFILE CHECKSUM: fe4b36043a26809f80aef9fa65498fd76184d433

COCOAPODS: 1.8.4
